// !$*UTF8*$!
{
	archiveVersion = 1;
	classes = {
	};
	objectVersion = 46;
	objects = {

/* Begin PBXBuildFile section */
		7104B77D1A496AFA003DEBB7 /* main.m in Sources */ = {isa = PBXBuildFile; fileRef = 7104B77C1A496AFA003DEBB7 /* main.m */; };
		7104B7801A496AFA003DEBB7 /* AppDelegate.m in Sources */ = {isa = PBXBuildFile; fileRef = 7104B77F1A496AFA003DEBB7 /* AppDelegate.m */; };
		7104B7831A496AFA003DEBB7 /* ViewController.m in Sources */ = {isa = PBXBuildFile; fileRef = 7104B7821A496AFA003DEBB7 /* ViewController.m */; };
		7104B7861A496AFA003DEBB7 /* Main.storyboard in Resources */ = {isa = PBXBuildFile; fileRef = 7104B7841A496AFA003DEBB7 /* Main.storyboard */; };
		7104B7881A496AFA003DEBB7 /* Images.xcassets in Resources */ = {isa = PBXBuildFile; fileRef = 7104B7871A496AFA003DEBB7 /* Images.xcassets */; };
		7104B78B1A496AFA003DEBB7 /* LaunchScreen.xib in Resources */ = {isa = PBXBuildFile; fileRef = 7104B7891A496AFA003DEBB7 /* LaunchScreen.xib */; };
		7104B7971A496AFA003DEBB7 /* DDSqueezeImageViewTests.m in Sources */ = {isa = PBXBuildFile; fileRef = 7104B7961A496AFA003DEBB7 /* DDSqueezeImageViewTests.m */; };
		7104B7A31A496B22003DEBB7 /* DDSqueezeImageView.m in Sources */ = {isa = PBXBuildFile; fileRef = 7104B7A21A496B22003DEBB7 /* DDSqueezeImageView.m */; };
		7104B7A61A496B59003DEBB7 /* dollar9@2x.png in Resources */ = {isa = PBXBuildFile; fileRef = 7104B7A41A496B59003DEBB7 /* dollar9@2x.png */; };
		7104B7A71A496B59003DEBB7 /* dollar9-2@2x.png in Resources */ = {isa = PBXBuildFile; fileRef = 7104B7A51A496B59003DEBB7 /* dollar9-2@2x.png */; };
/* End PBXBuildFile section */

/* Begin PBXContainerItemProxy section */
		7104B7911A496AFA003DEBB7 /* PBXContainerItemProxy */ = {
			isa = PBXContainerItemProxy;
			containerPortal = 7104B76F1A496AFA003DEBB7 /* Project object */;
			proxyType = 1;
			remoteGlobalIDString = 7104B7761A496AFA003DEBB7;
			remoteInfo = DDSqueezeImageView;
		};
/* End PBXContainerItemProxy section */

/* Begin PBXFileReference section */
		7104B7771A496AFA003DEBB7 /* DDSqueezeImageView.app */ = {isa = PBXFileReference; explicitFileType = wrapper.application; includeInIndex = 0; path = DDSqueezeImageView.app; sourceTree = BUILT_PRODUCTS_DIR; };
		7104B77B1A496AFA003DEBB7 /* Info.plist */ = {isa = PBXFileReference; lastKnownFileType = text.plist.xml; path = Info.plist; sourceTree = "<group>"; };
		7104B77C1A496AFA003DEBB7 /* main.m */ = {isa = PBXFileReference; lastKnownFileType = sourcecode.c.objc; path = main.m; sourceTree = "<group>"; };
		7104B77E1A496AFA003DEBB7 /* AppDelegate.h */ = {isa = PBXFileReference; lastKnownFileType = sourcecode.c.h; path = AppDelegate.h; sourceTree = "<group>"; };
		7104B77F1A496AFA003DEBB7 /* AppDelegate.m */ = {isa = PBXFileReference; lastKnownFileType = sourcecode.c.objc; path = AppDelegate.m; sourceTree = "<group>"; };
		7104B7811A496AFA003DEBB7 /* ViewController.h */ = {isa = PBXFileReference; lastKnownFileType = sourcecode.c.h; path = ViewController.h; sourceTree = "<group>"; };
		7104B7821A496AFA003DEBB7 /* ViewController.m */ = {isa = PBXFileReference; lastKnownFileType = sourcecode.c.objc; path = ViewController.m; sourceTree = "<group>"; };
		7104B7851A496AFA003DEBB7 /* Base */ = {isa = PBXFileReference; lastKnownFileType = file.storyboard; name = Base; path = Base.lproj/Main.storyboard; sourceTree = "<group>"; };
		7104B7871A496AFA003DEBB7 /* Images.xcassets */ = {isa = PBXFileReference; lastKnownFileType = folder.assetcatalog; path = Images.xcassets; sourceTree = "<group>"; };
		7104B78A1A496AFA003DEBB7 /* Base */ = {isa = PBXFileReference; lastKnownFileType = file.xib; name = Base; path = Base.lproj/LaunchScreen.xib; sourceTree = "<group>"; };
		7104B7901A496AFA003DEBB7 /* DDSqueezeImageViewTests.xctest */ = {isa = PBXFileReference; explicitFileType = wrapper.cfbundle; includeInIndex = 0; path = DDSqueezeImageViewTests.xctest; sourceTree = BUILT_PRODUCTS_DIR; };
		7104B7951A496AFA003DEBB7 /* Info.plist */ = {isa = PBXFileReference; lastKnownFileType = text.plist.xml; path = Info.plist; sourceTree = "<group>"; };
		7104B7961A496AFA003DEBB7 /* DDSqueezeImageViewTests.m */ = {isa = PBXFileReference; lastKnownFileType = sourcecode.c.objc; path = DDSqueezeImageViewTests.m; sourceTree = "<group>"; };
		7104B7A11A496B22003DEBB7 /* DDSqueezeImageView.h */ = {isa = PBXFileReference; fileEncoding = 4; lastKnownFileType = sourcecode.c.h; path = DDSqueezeImageView.h; sourceTree = "<group>"; };
		7104B7A21A496B22003DEBB7 /* DDSqueezeImageView.m */ = {isa = PBXFileReference; fileEncoding = 4; lastKnownFileType = sourcecode.c.objc; path = DDSqueezeImageView.m; sourceTree = "<group>"; };
		7104B7A41A496B59003DEBB7 /* dollar9@2x.png */ = {isa = PBXFileReference; lastKnownFileType = image.png; path = "dollar9@2x.png"; sourceTree = "<group>"; };
		7104B7A51A496B59003DEBB7 /* dollar9-2@2x.png */ = {isa = PBXFileReference; lastKnownFileType = image.png; path = "dollar9-2@2x.png"; sourceTree = "<group>"; };
/* End PBXFileReference section */

/* Begin PBXFrameworksBuildPhase section */
		7104B7741A496AFA003DEBB7 /* Frameworks */ = {
			isa = PBXFrameworksBuildPhase;
			buildActionMask = 2147483647;
			files = (
			);
			runOnlyForDeploymentPostprocessing = 0;
		};
		7104B78D1A496AFA003DEBB7 /* Frameworks */ = {
			isa = PBXFrameworksBuildPhase;
			buildActionMask = 2147483647;
			files = (
			);
			runOnlyForDeploymentPostprocessing = 0;
		};
/* End PBXFrameworksBuildPhase section */

/* Begin PBXGroup section */
		7104B76E1A496AFA003DEBB7 = {
			isa = PBXGroup;
			children = (
				7104B7A01A496B0E003DEBB7 /* DDSqueeze */,
				7104B7791A496AFA003DEBB7 /* DDSqueezeImageView */,
				7104B7931A496AFA003DEBB7 /* DDSqueezeImageViewTests */,
				7104B7781A496AFA003DEBB7 /* Products */,
			);
			sourceTree = "<group>";
		};
		7104B7781A496AFA003DEBB7 /* Products */ = {
			isa = PBXGroup;
			children = (
				7104B7771A496AFA003DEBB7 /* DDSqueezeImageView.app */,
				7104B7901A496AFA003DEBB7 /* DDSqueezeImageViewTests.xctest */,
			);
			name = Products;
			sourceTree = "<group>";
		};
		7104B7791A496AFA003DEBB7 /* DDSqueezeImageView */ = {
			isa = PBXGroup;
			children = (
				7104B77E1A496AFA003DEBB7 /* AppDelegate.h */,
				7104B77F1A496AFA003DEBB7 /* AppDelegate.m */,
				7104B7811A496AFA003DEBB7 /* ViewController.h */,
				7104B7821A496AFA003DEBB7 /* ViewController.m */,
				7104B7841A496AFA003DEBB7 /* Main.storyboard */,
				7104B7871A496AFA003DEBB7 /* Images.xcassets */,
				7104B7891A496AFA003DEBB7 /* LaunchScreen.xib */,
				7104B77A1A496AFA003DEBB7 /* Supporting Files */,
			);
			path = DDSqueezeImageView;
			sourceTree = "<group>";
		};
		7104B77A1A496AFA003DEBB7 /* Supporting Files */ = {
			isa = PBXGroup;
			children = (
				7104B77B1A496AFA003DEBB7 /* Info.plist */,
				7104B77C1A496AFA003DEBB7 /* main.m */,
			);
			name = "Supporting Files";
			sourceTree = "<group>";
		};
		7104B7931A496AFA003DEBB7 /* DDSqueezeImageViewTests */ = {
			isa = PBXGroup;
			children = (
				7104B7961A496AFA003DEBB7 /* DDSqueezeImageViewTests.m */,
				7104B7941A496AFA003DEBB7 /* Supporting Files */,
			);
			path = DDSqueezeImageViewTests;
			sourceTree = "<group>";
		};
		7104B7941A496AFA003DEBB7 /* Supporting Files */ = {
			isa = PBXGroup;
			children = (
				7104B7951A496AFA003DEBB7 /* Info.plist */,
			);
			name = "Supporting Files";
			sourceTree = "<group>";
		};
		7104B7A01A496B0E003DEBB7 /* DDSqueeze */ = {
			isa = PBXGroup;
			children = (
				7104B7A41A496B59003DEBB7 /* dollar9@2x.png */,
				7104B7A51A496B59003DEBB7 /* dollar9-2@2x.png */,
				7104B7A11A496B22003DEBB7 /* DDSqueezeImageView.h */,
				7104B7A21A496B22003DEBB7 /* DDSqueezeImageView.m */,
			);
			name = DDSqueeze;
			sourceTree = "<group>";
		};
/* End PBXGroup section */

/* Begin PBXNativeTarget section */
		7104B7761A496AFA003DEBB7 /* DDSqueezeImageView */ = {
			isa = PBXNativeTarget;
			buildConfigurationList = 7104B79A1A496AFA003DEBB7 /* Build configuration list for PBXNativeTarget "DDSqueezeImageView" */;
			buildPhases = (
				7104B7731A496AFA003DEBB7 /* Sources */,
				7104B7741A496AFA003DEBB7 /* Frameworks */,
				7104B7751A496AFA003DEBB7 /* Resources */,
			);
			buildRules = (
			);
			dependencies = (
			);
			name = DDSqueezeImageView;
			productName = DDSqueezeImageView;
			productReference = 7104B7771A496AFA003DEBB7 /* DDSqueezeImageView.app */;
			productType = "com.apple.product-type.application";
		};
		7104B78F1A496AFA003DEBB7 /* DDSqueezeImageViewTests */ = {
			isa = PBXNativeTarget;
			buildConfigurationList = 7104B79D1A496AFA003DEBB7 /* Build configuration list for PBXNativeTarget "DDSqueezeImageViewTests" */;
			buildPhases = (
				7104B78C1A496AFA003DEBB7 /* Sources */,
				7104B78D1A496AFA003DEBB7 /* Frameworks */,
				7104B78E1A496AFA003DEBB7 /* Resources */,
			);
			buildRules = (
			);
			dependencies = (
				7104B7921A496AFA003DEBB7 /* PBXTargetDependency */,
			);
			name = DDSqueezeImageViewTests;
			productName = DDSqueezeImageViewTests;
			productReference = 7104B7901A496AFA003DEBB7 /* DDSqueezeImageViewTests.xctest */;
			productType = "com.apple.product-type.bundle.unit-test";
		};
/* End PBXNativeTarget section */

/* Begin PBXProject section */
		7104B76F1A496AFA003DEBB7 /* Project object */ = {
			isa = PBXProject;
			attributes = {
				LastUpgradeCheck = 0610;
				ORGANIZATIONNAME = cheesecake;
				TargetAttributes = {
					7104B7761A496AFA003DEBB7 = {
						CreatedOnToolsVersion = 6.1.1;
					};
					7104B78F1A496AFA003DEBB7 = {
						CreatedOnToolsVersion = 6.1.1;
						TestTargetID = 7104B7761A496AFA003DEBB7;
					};
				};
			};
			buildConfigurationList = 7104B7721A496AFA003DEBB7 /* Build configuration list for PBXProject "DDSqueezeImageView" */;
			compatibilityVersion = "Xcode 3.2";
			developmentRegion = English;
			hasScannedForEncodings = 0;
			knownRegions = (
				en,
				Base,
			);
			mainGroup = 7104B76E1A496AFA003DEBB7;
			productRefGroup = 7104B7781A496AFA003DEBB7 /* Products */;
			projectDirPath = "";
			projectRoot = "";
			targets = (
				7104B7761A496AFA003DEBB7 /* DDSqueezeImageView */,
				7104B78F1A496AFA003DEBB7 /* DDSqueezeImageViewTests */,
			);
		};
/* End PBXProject section */

/* Begin PBXResourcesBuildPhase section */
		7104B7751A496AFA003DEBB7 /* Resources */ = {
			isa = PBXResourcesBuildPhase;
			buildActionMask = 2147483647;
			files = (
				7104B7861A496AFA003DEBB7 /* Main.storyboard in Resources */,
				7104B7A71A496B59003DEBB7 /* dollar9-2@2x.png in Resources */,
				7104B78B1A496AFA003DEBB7 /* LaunchScreen.xib in Resources */,
				7104B7A61A496B59003DEBB7 /* dollar9@2x.png in Resources */,
				7104B7881A496AFA003DEBB7 /* Images.xcassets in Resources */,
			);
			runOnlyForDeploymentPostprocessing = 0;
		};
		7104B78E1A496AFA003DEBB7 /* Resources */ = {
			isa = PBXResourcesBuildPhase;
			buildActionMask = 2147483647;
			files = (
			);
			runOnlyForDeploymentPostprocessing = 0;
		};
/* End PBXResourcesBuildPhase section */

/* Begin PBXSourcesBuildPhase section */
		7104B7731A496AFA003DEBB7 /* Sources */ = {
			isa = PBXSourcesBuildPhase;
			buildActionMask = 2147483647;
			files = (
				7104B7831A496AFA003DEBB7 /* ViewController.m in Sources */,
				7104B7801A496AFA003DEBB7 /* AppDelegate.m in Sources */,
				7104B7A31A496B22003DEBB7 /* DDSqueezeImageView.m in Sources */,
				7104B77D1A496AFA003DEBB7 /* main.m in Sources */,
			);
			runOnlyForDeploymentPostprocessing = 0;
		};
		7104B78C1A496AFA003DEBB7 /* Sources */ = {
			isa = PBXSourcesBuildPhase;
			buildActionMask = 2147483647;
			files = (
				7104B7971A496AFA003DEBB7 /* DDSqueezeImageViewTests.m in Sources */,
			);
			runOnlyForDeploymentPostprocessing = 0;
		};
/* End PBXSourcesBuildPhase section */

/* Begin PBXTargetDependency section */
		7104B7921A496AFA003DEBB7 /* PBXTargetDependency */ = {
			isa = PBXTargetDependency;
			target = 7104B7761A496AFA003DEBB7 /* DDSqueezeImageView */;
			targetProxy = 7104B7911A496AFA003DEBB7 /* PBXContainerItemProxy */;
		};
/* End PBXTargetDependency section */

/* Begin PBXVariantGroup section */
		7104B7841A496AFA003DEBB7 /* Main.storyboard */ = {
			isa = PBXVariantGroup;
			children = (
				7104B7851A496AFA003DEBB7 /* Base */,
			);
			name = Main.storyboard;
			sourceTree = "<group>";
		};
		7104B7891A496AFA003DEBB7 /* LaunchScreen.xib */ = {
			isa = PBXVariantGroup;
			children = (
				7104B78A1A496AFA003DEBB7 /* Base */,
			);
			name = LaunchScreen.xib;
			sourceTree = "<group>";
		};
/* End PBXVariantGroup section */

/* Begin XCBuildConfiguration section */
		7104B7981A496AFA003DEBB7 /* Debug */ = {
			isa = XCBuildConfiguration;
			buildSettings = {
				ALWAYS_SEARCH_USER_PATHS = NO;
				CLANG_CXX_LANGUAGE_STANDARD = "gnu++0x";
				CLANG_CXX_LIBRARY = "libc++";
				CLANG_ENABLE_MODULES = YES;
				CLANG_ENABLE_OBJC_ARC = YES;
				CLANG_WARN_BOOL_CONVERSION = YES;
				CLANG_WARN_CONSTANT_CONVERSION = YES;
				CLANG_WARN_DIRECT_OBJC_ISA_USAGE = YES_ERROR;
				CLANG_WARN_EMPTY_BODY = YES;
				CLANG_WARN_ENUM_CONVERSION = YES;
				CLANG_WARN_INT_CONVERSION = YES;
				CLANG_WARN_OBJC_ROOT_CLASS = YES_ERROR;
				CLANG_WARN_UNREACHABLE_CODE = YES;
				CLANG_WARN__DUPLICATE_METHOD_MATCH = YES;
				"CODE_SIGN_IDENTITY[sdk=iphoneos*]" = "iPhone Developer";
				COPY_PHASE_STRIP = NO;
				ENABLE_STRICT_OBJC_MSGSEND = YES;
				GCC_C_LANGUAGE_STANDARD = gnu99;
				GCC_DYNAMIC_NO_PIC = NO;
				GCC_OPTIMIZATION_LEVEL = 0;
				GCC_PREPROCESSOR_DEFINITIONS = (
					"DEBUG=1",
					"$(inherited)",
				);
				GCC_SYMBOLS_PRIVATE_EXTERN = NO;
				GCC_WARN_64_TO_32_BIT_CONVERSION = YES;
				GCC_WARN_ABOUT_RETURN_TYPE = YES_ERROR;
				GCC_WARN_UNDECLARED_SELECTOR = YES;
				GCC_WARN_UNINITIALIZED_AUTOS = YES_AGGRESSIVE;
				GCC_WARN_UNUSED_FUNCTION = YES;
				GCC_WARN_UNUSED_VARIABLE = YES;
				IPHONEOS_DEPLOYMENT_TARGET = 8.1;
				MTL_ENABLE_DEBUG_INFO = YES;
				ONLY_ACTIVE_ARCH = YES;
				SDKROOT = iphoneos;
			};
			name = Debug;
		};
		7104B7991A496AFA003DEBB7 /* Release */ = {
			isa = XCBuildConfiguration;
			buildSettings = {
				ALWAYS_SEARCH_USER_PATHS = NO;
				CLANG_CXX_LANGUAGE_STANDARD = "gnu++0x";
				CLANG_CXX_LIBRARY = "libc++";
				CLANG_ENABLE_MODULES = YES;
				CLANG_ENABLE_OBJC_ARC = YES;
				CLANG_WARN_BOOL_CONVERSION = YES;
				CLANG_WARN_CONSTANT_CONVERSION = YES;
				CLANG_WARN_DIRECT_OBJC_ISA_USAGE = YES_ERROR;
				CLANG_WARN_EMPTY_BODY = YES;
				CLANG_WARN_ENUM_CONVERSION = YES;
				CLANG_WARN_INT_CONVERSION = YES;
				CLANG_WARN_OBJC_ROOT_CLASS = YES_ERROR;
				CLANG_WARN_UNREACHABLE_CODE = YES;
				CLANG_WARN__DUPLICATE_METHOD_MATCH = YES;
				"CODE_SIGN_IDENTITY[sdk=iphoneos*]" = "iPhone Developer";
				COPY_PHASE_STRIP = YES;
				ENABLE_NS_ASSERTIONS = NO;
				ENABLE_STRICT_OBJC_MSGSEND = YES;
				GCC_C_LANGUAGE_STANDARD = gnu99;
				GCC_WARN_64_TO_32_BIT_CONVERSION = YES;
				GCC_WARN_ABOUT_RETURN_TYPE = YES_ERROR;
				GCC_WARN_UNDECLARED_SELECTOR = YES;
				GCC_WARN_UNINITIALIZED_AUTOS = YES_AGGRESSIVE;
				GCC_WARN_UNUSED_FUNCTION = YES;
				GCC_WARN_UNUSED_VARIABLE = YES;
				IPHONEOS_DEPLOYMENT_TARGET = 8.1;
				MTL_ENABLE_DEBUG_INFO = NO;
				SDKROOT = iphoneos;
				VALIDATE_PRODUCT = YES;
			};
			name = Release;
		};
		7104B79B1A496AFA003DEBB7 /* Debug */ = {
			isa = XCBuildConfiguration;
			buildSettings = {
				ASSETCATALOG_COMPILER_APPICON_NAME = AppIcon;
				INFOPLIST_FILE = DDSqueezeImageView/Info.plist;
				LD_RUNPATH_SEARCH_PATHS = "$(inherited) @executable_path/Frameworks";
				PRODUCT_NAME = "$(TARGET_NAME)";
			};
			name = Debug;
		};
		7104B79C1A496AFA003DEBB7 /* Release */ = {
			isa = XCBuildConfiguration;
			buildSettings = {
				ASSETCATALOG_COMPILER_APPICON_NAME = AppIcon;
				INFOPLIST_FILE = DDSqueezeImageView/Info.plist;
				LD_RUNPATH_SEARCH_PATHS = "$(inherited) @executable_path/Frameworks";
				PRODUCT_NAME = "$(TARGET_NAME)";
			};
			name = Release;
		};
		7104B79E1A496AFA003DEBB7 /* Debug */ = {
			isa = XCBuildConfiguration;
			buildSettings = {
				BUNDLE_LOADER = "$(TEST_HOST)";
				FRAMEWORK_SEARCH_PATHS = (
					"$(SDKROOT)/Developer/Library/Frameworks",
					"$(inherited)",
				);
				GCC_PREPROCESSOR_DEFINITIONS = (
					"DEBUG=1",
					"$(inherited)",
				);
				INFOPLIST_FILE = DDSqueezeImageViewTests/Info.plist;
				LD_RUNPATH_SEARCH_PATHS = "$(inherited) @executable_path/Frameworks @loader_path/Frameworks";
				PRODUCT_NAME = "$(TARGET_NAME)";
				TEST_HOST = "$(BUILT_PRODUCTS_DIR)/DDSqueezeImageView.app/DDSqueezeImageView";
			};
			name = Debug;
		};
		7104B79F1A496AFA003DEBB7 /* Release */ = {
			isa = XCBuildConfiguration;
			buildSettings = {
				BUNDLE_LOADER = "$(TEST_HOST)";
				FRAMEWORK_SEARCH_PATHS = (
					"$(SDKROOT)/Developer/Library/Frameworks",
					"$(inherited)",
				);
				INFOPLIST_FILE = DDSqueezeImageViewTests/Info.plist;
				LD_RUNPATH_SEARCH_PATHS = "$(inherited) @executable_path/Frameworks @loader_path/Frameworks";
				PRODUCT_NAME = "$(TARGET_NAME)";
				TEST_HOST = "$(BUILT_PRODUCTS_DIR)/DDSqueezeImageView.app/DDSqueezeImageView";
			};
			name = Release;
		};
/* End XCBuildConfiguration section */

/* Begin XCConfigurationList section */
		7104B7721A496AFA003DEBB7 /* Build configuration list for PBXProject "DDSqueezeImageView" */ = {
			isa = XCConfigurationList;
			buildConfigurations = (
				7104B7981A496AFA003DEBB7 /* Debug */,
				7104B7991A496AFA003DEBB7 /* Release */,
			);
			defaultConfigurationIsVisible = 0;
			defaultConfigurationName = Release;
		};
		7104B79A1A496AFA003DEBB7 /* Build configuration list for PBXNativeTarget "DDSqueezeImageView" */ = {
			isa = XCConfigurationList;
			buildConfigurations = (
				7104B79B1A496AFA003DEBB7 /* Debug */,
				7104B79C1A496AFA003DEBB7 /* Release */,
			);
			defaultConfigurationIsVisible = 0;
		};
		7104B79D1A496AFA003DEBB7 /* Build configuration list for PBXNativeTarget "DDSqueezeImageViewTests" */ = {
			isa = XCConfigurationList;
			buildConfigurations = (
				7104B79E1A496AFA003DEBB7 /* Debug */,
				7104B79F1A496AFA003DEBB7 /* Release */,
			);
			defaultConfigurationIsVisible = 0;
		};
/* End XCConfigurationList section */
	};
	rootObject = 7104B76F1A496AFA003DEBB7 /* Project object */;
}
